
Microsoft Visual Studio Solution File, Format Version 12.00
# Visual Studio Version 16
VisualStudioVersion = 16.0.30611.23
MinimumVisualStudioVersion = 10.0.40219.1
Project("{FAE04EC0-301F-11D3-BF4B-00C04F79EFBC}") = "Lab7_EDII", "Lab7_EDII.csproj", "{B94815CB-EEC7-4A6A-B4E0-26E4D969DD82}"
EndProject
Global
	GlobalSection(SolutionConfigurationPlatforms) = preSolution
		Debug|Any CPU = Debug|Any CPU
		Release|Any CPU = Release|Any CPU
	EndGlobalSection
	GlobalSection(ProjectConfigurationPlatforms) = postSolution
		{B94815CB-EEC7-4A6A-B4E0-26E4D969DD82}.Debug|Any CPU.ActiveCfg = Debug|Any CPU
		{B94815CB-EEC7-4A6A-B4E0-26E4D969DD82}.Debug|Any CPU.Build.0 = Debug|Any CPU
		{B94815CB-EEC7-4A6A-B4E0-26E4D969DD82}.Release|Any CPU.ActiveCfg = Release|Any CPU
		{B94815CB-EEC7-4A6A-B4E0-26E4D969DD82}.Release|Any CPU.Build.0 = Release|Any CPU
	EndGlobalSection
	GlobalSection(SolutionProperties) = preSolution
		HideSolutionNode = FALSE
	EndGlobalSection
	GlobalSection(ExtensibilityGlobals) = postSolution
		SolutionGuid = {681E8A5D-7D21-4EFA-8499-B0CD8F77ECAA}
	EndGlobalSection
EndGlobal
